
Microsoft Visual Studio Solution File, Format Version 12.00
Project("{FAE04EC0-301F-11D3-BF4B-00C04F79EFBC}") = "KeycloakApi", "KeycloakApi\KeycloakApi.csproj", "{AA14672E-8FF9-4C52-9664-8630BC130148}"
EndProject
Global
	GlobalSection(SolutionConfigurationPlatforms) = preSolution
		Debug|Any CPU = Debug|Any CPU
		Release|Any CPU = Release|Any CPU
	EndGlobalSection
	GlobalSection(ProjectConfigurationPlatforms) = postSolution
		{AA14672E-8FF9-4C52-9664-8630BC130148}.Debug|Any CPU.ActiveCfg = Debug|Any CPU
		{AA14672E-8FF9-4C52-9664-8630BC130148}.Debug|Any CPU.Build.0 = Debug|Any CPU
		{AA14672E-8FF9-4C52-9664-8630BC130148}.Release|Any CPU.ActiveCfg = Release|Any CPU
		{AA14672E-8FF9-4C52-9664-8630BC130148}.Release|Any CPU.Build.0 = Release|Any CPU
	EndGlobalSection
EndGlobal
